
Microsoft Visual Studio Solution File, Format Version 12.00
# Visual Studio Version 17
VisualStudioVersion = 17.4.33110.190
MinimumVisualStudioVersion = 10.0.40219.1
Project("{FAE04EC0-301F-11D3-BF4B-00C04F79EFBC}") = "kutuphaneOtomasyonu", "kutuphaneOtomasyonu\kutuphaneOtomasyonu.csproj", "{F915470F-44CF-4D35-83A8-F6D78972920E}"
EndProject
Global
	GlobalSection(SolutionConfigurationPlatforms) = preSolution
		Debug|Any CPU = Debug|Any CPU
		Release|Any CPU = Release|Any CPU
	EndGlobalSection
	GlobalSection(ProjectConfigurationPlatforms) = postSolution
		{F915470F-44CF-4D35-83A8-F6D78972920E}.Debug|Any CPU.ActiveCfg = Debug|Any CPU
		{F915470F-44CF-4D35-83A8-F6D78972920E}.Debug|Any CPU.Build.0 = Debug|Any CPU
		{F915470F-44CF-4D35-83A8-F6D78972920E}.Release|Any CPU.ActiveCfg = Release|Any CPU
		{F915470F-44CF-4D35-83A8-F6D78972920E}.Release|Any CPU.Build.0 = Release|Any CPU
	EndGlobalSection
	GlobalSection(SolutionProperties) = preSolution
		HideSolutionNode = FALSE
	EndGlobalSection
	GlobalSection(ExtensibilityGlobals) = postSolution
		SolutionGuid = {177041E4-9FB2-4772-B2E2-F6B7B4598334}
	EndGlobalSection
EndGlobal
